// !$*UTF8*$!
{
	archiveVersion = 1;
	classes = {
	};
	objectVersion = 56;
	objects = {

/* Begin PBXBuildFile section */
		DEAD21A02B6C83F300666F2E /* AppDelegate.m in Sources */ = {isa = PBXBuildFile; fileRef = DEAD219F2B6C83F300666F2E /* AppDelegate.m */; };
		DEAD21A32B6C83F300666F2E /* SceneDelegate.m in Sources */ = {isa = PBXBuildFile; fileRef = DEAD21A22B6C83F300666F2E /* SceneDelegate.m */; };
		DEAD21A62B6C83F300666F2E /* ViewController.m in Sources */ = {isa = PBXBuildFile; fileRef = DEAD21A52B6C83F300666F2E /* ViewController.m */; };
		DEAD21A92B6C83F300666F2E /* Main.storyboard in Resources */ = {isa = PBXBuildFile; fileRef = DEAD21A72B6C83F300666F2E /* Main.storyboard */; };
		DEAD21AB2B6C83F500666F2E /* Assets.xcassets in Resources */ = {isa = PBXBuildFile; fileRef = DEAD21AA2B6C83F500666F2E /* Assets.xcassets */; };
		DEAD21AE2B6C83F500666F2E /* LaunchScreen.storyboard in Resources */ = {isa = PBXBuildFile; fileRef = DEAD21AC2B6C83F500666F2E /* LaunchScreen.storyboard */; };
		DEAD21B12B6C83F500666F2E /* main.m in Sources */ = {isa = PBXBuildFile; fileRef = DEAD21B02B6C83F500666F2E /* main.m */; };
		DEAD21BB2B6C83F500666F2E /* TestTimerTests.m in Sources */ = {isa = PBXBuildFile; fileRef = DEAD21BA2B6C83F500666F2E /* TestTimerTests.m */; };
		DEAD21C52B6C83F500666F2E /* TestTimerUITests.m in Sources */ = {isa = PBXBuildFile; fileRef = DEAD21C42B6C83F500666F2E /* TestTimerUITests.m */; };
		DEAD21C72B6C83F500666F2E /* TestTimerUITestsLaunchTests.m in Sources */ = {isa = PBXBuildFile; fileRef = DEAD21C62B6C83F500666F2E /* TestTimerUITestsLaunchTests.m */; };
		DEAD21D52B6C845000666F2E /* TimerViewController.m in Sources */ = {isa = PBXBuildFile; fileRef = DEAD21D42B6C845000666F2E /* TimerViewController.m */; };
/* End PBXBuildFile section */

/* Begin PBXContainerItemProxy section */
		DEAD21B72B6C83F500666F2E /* PBXContainerItemProxy */ = {
			isa = PBXContainerItemProxy;
			containerPortal = DEAD21932B6C83F300666F2E /* Project object */;
			proxyType = 1;
			remoteGlobalIDString = DEAD219A2B6C83F300666F2E;
			remoteInfo = TestTimer;
		};
		DEAD21C12B6C83F500666F2E /* PBXContainerItemProxy */ = {
			isa = PBXContainerItemProxy;
			containerPortal = DEAD21932B6C83F300666F2E /* Project object */;
			proxyType = 1;
			remoteGlobalIDString = DEAD219A2B6C83F300666F2E;
			remoteInfo = TestTimer;
		};
/* End PBXContainerItemProxy section */

/* Begin PBXFileReference section */
		DEAD219B2B6C83F300666F2E /* TestTimer.app */ = {isa = PBXFileReference; explicitFileType = wrapper.application; includeInIndex = 0; path = TestTimer.app; sourceTree = BUILT_PRODUCTS_DIR; };
		DEAD219E2B6C83F300666F2E /* AppDelegate.h */ = {isa = PBXFileReference; lastKnownFileType = sourcecode.c.h; path = AppDelegate.h; sourceTree = "<group>"; };
		DEAD219F2B6C83F300666F2E /* AppDelegate.m */ = {isa = PBXFileReference; lastKnownFileType = sourcecode.c.objc; path = AppDelegate.m; sourceTree = "<group>"; };
		DEAD21A12B6C83F300666F2E /* SceneDelegate.h */ = {isa = PBXFileReference; lastKnownFileType = sourcecode.c.h; path = SceneDelegate.h; sourceTree = "<group>"; };
		DEAD21A22B6C83F300666F2E /* SceneDelegate.m */ = {isa = PBXFileReference; lastKnownFileType = sourcecode.c.objc; path = SceneDelegate.m; sourceTree = "<group>"; };
		DEAD21A42B6C83F300666F2E /* ViewController.h */ = {isa = PBXFileReference; lastKnownFileType = sourcecode.c.h; path = ViewController.h; sourceTree = "<group>"; };
		DEAD21A52B6C83F300666F2E /* ViewController.m */ = {isa = PBXFileReference; lastKnownFileType = sourcecode.c.objc; path = ViewController.m; sourceTree = "<group>"; };
		DEAD21A82B6C83F300666F2E /* Base */ = {isa = PBXFileReference; lastKnownFileType = file.storyboard; name = Base; path = Base.lproj/Main.storyboard; sourceTree = "<group>"; };
		DEAD21AA2B6C83F500666F2E /* Assets.xcassets */ = {isa = PBXFileReference; lastKnownFileType = folder.assetcatalog; path = Assets.xcassets; sourceTree = "<group>"; };
		DEAD21AD2B6C83F500666F2E /* Base */ = {isa = PBXFileReference; lastKnownFileType = file.storyboard; name = Base; path = Base.lproj/LaunchScreen.storyboard; sourceTree = "<group>"; };
		DEAD21AF2B6C83F500666F2E /* Info.plist */ = {isa = PBXFileReference; lastKnownFileType = text.plist.xml; path = Info.plist; sourceTree = "<group>"; };
		DEAD21B02B6C83F500666F2E /* main.m */ = {isa = PBXFileReference; lastKnownFileType = sourcecode.c.objc; path = main.m; sourceTree = "<group>"; };
		DEAD21B62B6C83F500666F2E /* TestTimerTests.xctest */ = {isa = PBXFileReference; explicitFileType = wrapper.cfbundle; includeInIndex = 0; path = TestTimerTests.xctest; sourceTree = BUILT_PRODUCTS_DIR; };
		DEAD21BA2B6C83F500666F2E /* TestTimerTests.m */ = {isa = PBXFileReference; lastKnownFileType = sourcecode.c.objc; path = TestTimerTests.m; sourceTree = "<group>"; };
		DEAD21C02B6C83F500666F2E /* TestTimerUITests.xctest */ = {isa = PBXFileReference; explicitFileType = wrapper.cfbundle; includeInIndex = 0; path = TestTimerUITests.xctest; sourceTree = BUILT_PRODUCTS_DIR; };
		DEAD21C42B6C83F500666F2E /* TestTimerUITests.m */ = {isa = PBXFileReference; lastKnownFileType = sourcecode.c.objc; path = TestTimerUITests.m; sourceTree = "<group>"; };
		DEAD21C62B6C83F500666F2E /* TestTimerUITestsLaunchTests.m */ = {isa = PBXFileReference; lastKnownFileType = sourcecode.c.objc; path = TestTimerUITestsLaunchTests.m; sourceTree = "<group>"; };
		DEAD21D32B6C845000666F2E /* TimerViewController.h */ = {isa = PBXFileReference; lastKnownFileType = sourcecode.c.h; path = TimerViewController.h; sourceTree = "<group>"; };
		DEAD21D42B6C845000666F2E /* TimerViewController.m */ = {isa = PBXFileReference; lastKnownFileType = sourcecode.c.objc; path = TimerViewController.m; sourceTree = "<group>"; };
/* End PBXFileReference section */

/* Begin PBXFrameworksBuildPhase section */
		DEAD21982B6C83F300666F2E /* Frameworks */ = {
			isa = PBXFrameworksBuildPhase;
			buildActionMask = 2147483647;
			files = (
			);
			runOnlyForDeploymentPostprocessing = 0;
		};
		DEAD21B32B6C83F500666F2E /* Frameworks */ = {
			isa = PBXFrameworksBuildPhase;
			buildActionMask = 2147483647;
			files = (
			);
			runOnlyForDeploymentPostprocessing = 0;
		};
		DEAD21BD2B6C83F500666F2E /* Frameworks */ = {
			isa = PBXFrameworksBuildPhase;
			buildActionMask = 2147483647;
			files = (
			);
			runOnlyForDeploymentPostprocessing = 0;
		};
/* End PBXFrameworksBuildPhase section */

/* Begin PBXGroup section */
		DEAD21922B6C83F300666F2E = {
			isa = PBXGroup;
			children = (
				DEAD219D2B6C83F300666F2E /* TestTimer */,
				DEAD21B92B6C83F500666F2E /* TestTimerTests */,
				DEAD21C32B6C83F500666F2E /* TestTimerUITests */,
				DEAD219C2B6C83F300666F2E /* Products */,
			);
			sourceTree = "<group>";
		};
		DEAD219C2B6C83F300666F2E /* Products */ = {
			isa = PBXGroup;
			children = (
				DEAD219B2B6C83F300666F2E /* TestTimer.app */,
				DEAD21B62B6C83F500666F2E /* TestTimerTests.xctest */,
				DEAD21C02B6C83F500666F2E /* TestTimerUITests.xctest */,
			);
			name = Products;
			sourceTree = "<group>";
		};
		DEAD219D2B6C83F300666F2E /* TestTimer */ = {
			isa = PBXGroup;
			children = (
				DEAD219E2B6C83F300666F2E /* AppDelegate.h */,
				DEAD219F2B6C83F300666F2E /* AppDelegate.m */,
				DEAD21A12B6C83F300666F2E /* SceneDelegate.h */,
				DEAD21A22B6C83F300666F2E /* SceneDelegate.m */,
				DEAD21A42B6C83F300666F2E /* ViewController.h */,
				DEAD21A52B6C83F300666F2E /* ViewController.m */,
				DEAD21A72B6C83F300666F2E /* Main.storyboard */,
				DEAD21AA2B6C83F500666F2E /* Assets.xcassets */,
				DEAD21AC2B6C83F500666F2E /* LaunchScreen.storyboard */,
				DEAD21AF2B6C83F500666F2E /* Info.plist */,
				DEAD21B02B6C83F500666F2E /* main.m */,
				DEAD21D32B6C845000666F2E /* TimerViewController.h */,
				DEAD21D42B6C845000666F2E /* TimerViewController.m */,
			);
			path = TestTimer;
			sourceTree = "<group>";
		};
		DEAD21B92B6C83F500666F2E /* TestTimerTests */ = {
			isa = PBXGroup;
			children = (
				DEAD21BA2B6C83F500666F2E /* TestTimerTests.m */,
			);
			path = TestTimerTests;
			sourceTree = "<group>";
		};
		DEAD21C32B6C83F500666F2E /* TestTimerUITests */ = {
			isa = PBXGroup;
			children = (
				DEAD21C42B6C83F500666F2E /* TestTimerUITests.m */,
				DEAD21C62B6C83F500666F2E /* TestTimerUITestsLaunchTests.m */,
			);
			path = TestTimerUITests;
			sourceTree = "<group>";
		};
/* End PBXGroup section */

/* Begin PBXNativeTarget section */
		DEAD219A2B6C83F300666F2E /* TestTimer */ = {
			isa = PBXNativeTarget;
			buildConfigurationList = DEAD21CA2B6C83F500666F2E /* Build configuration list for PBXNativeTarget "TestTimer" */;
			buildPhases = (
				DEAD21972B6C83F300666F2E /* Sources */,
				DEAD21982B6C83F300666F2E /* Frameworks */,
				DEAD21992B6C83F300666F2E /* Resources */,
			);
			buildRules = (
			);
			dependencies = (
			);
			name = TestTimer;
			productName = TestTimer;
			productReference = DEAD219B2B6C83F300666F2E /* TestTimer.app */;
			productType = "com.apple.product-type.application";
		};
		DEAD21B52B6C83F500666F2E /* TestTimerTests */ = {
			isa = PBXNativeTarget;
			buildConfigurationList = DEAD21CD2B6C83F500666F2E /* Build configuration list for PBXNativeTarget "TestTimerTests" */;
			buildPhases = (
				DEAD21B22B6C83F500666F2E /* Sources */,
				DEAD21B32B6C83F500666F2E /* Frameworks */,
				DEAD21B42B6C83F500666F2E /* Resources */,
			);
			buildRules = (
			);
			dependencies = (
				DEAD21B82B6C83F500666F2E /* PBXTargetDependency */,
			);
			name = TestTimerTests;
			productName = TestTimerTests;
			productReference = DEAD21B62B6C83F500666F2E /* TestTimerTests.xctest */;
			productType = "com.apple.product-type.bundle.unit-test";
		};
		DEAD21BF2B6C83F500666F2E /* TestTimerUITests */ = {
			isa = PBXNativeTarget;
			buildConfigurationList = DEAD21D02B6C83F500666F2E /* Build configuration list for PBXNativeTarget "TestTimerUITests" */;
			buildPhases = (
				DEAD21BC2B6C83F500666F2E /* Sources */,
				DEAD21BD2B6C83F500666F2E /* Frameworks */,
				DEAD21BE2B6C83F500666F2E /* Resources */,
			);
			buildRules = (
			);
			dependencies = (
				DEAD21C22B6C83F500666F2E /* PBXTargetDependency */,
			);
			name = TestTimerUITests;
			productName = TestTimerUITests;
			productReference = DEAD21C02B6C83F500666F2E /* TestTimerUITests.xctest */;
			productType = "com.apple.product-type.bundle.ui-testing";
		};
/* End PBXNativeTarget section */

/* Begin PBXProject section */
		DEAD21932B6C83F300666F2E /* Project object */ = {
			isa = PBXProject;
			attributes = {
				BuildIndependentTargetsInParallel = 1;
				LastUpgradeCheck = 1520;
				TargetAttributes = {
					DEAD219A2B6C83F300666F2E = {
						CreatedOnToolsVersion = 15.2;
					};
					DEAD21B52B6C83F500666F2E = {
						CreatedOnToolsVersion = 15.2;
						TestTargetID = DEAD219A2B6C83F300666F2E;
					};
					DEAD21BF2B6C83F500666F2E = {
						CreatedOnToolsVersion = 15.2;
						TestTargetID = DEAD219A2B6C83F300666F2E;
					};
				};
			};
			buildConfigurationList = DEAD21962B6C83F300666F2E /* Build configuration list for PBXProject "TestTimer" */;
			compatibilityVersion = "Xcode 14.0";
			developmentRegion = en;
			hasScannedForEncodings = 0;
			knownRegions = (
				en,
				Base,
			);
			mainGroup = DEAD21922B6C83F300666F2E;
			productRefGroup = DEAD219C2B6C83F300666F2E /* Products */;
			projectDirPath = "";
			projectRoot = "";
			targets = (
				DEAD219A2B6C83F300666F2E /* TestTimer */,
				DEAD21B52B6C83F500666F2E /* TestTimerTests */,
				DEAD21BF2B6C83F500666F2E /* TestTimerUITests */,
			);
		};
/* End PBXProject section */

/* Begin PBXResourcesBuildPhase section */
		DEAD21992B6C83F300666F2E /* Resources */ = {
			isa = PBXResourcesBuildPhase;
			buildActionMask = 2147483647;
			files = (
				DEAD21AE2B6C83F500666F2E /* LaunchScreen.storyboard in Resources */,
				DEAD21AB2B6C83F500666F2E /* Assets.xcassets in Resources */,
				DEAD21A92B6C83F300666F2E /* Main.storyboard in Resources */,
			);
			runOnlyForDeploymentPostprocessing = 0;
		};
		DEAD21B42B6C83F500666F2E /* Resources */ = {
			isa = PBXResourcesBuildPhase;
			buildActionMask = 2147483647;
			files = (
			);
			runOnlyForDeploymentPostprocessing = 0;
		};
		DEAD21BE2B6C83F500666F2E /* Resources */ = {
			isa = PBXResourcesBuildPhase;
			buildActionMask = 2147483647;
			files = (
			);
			runOnlyForDeploymentPostprocessing = 0;
		};
/* End PBXResourcesBuildPhase section */

/* Begin PBXSourcesBuildPhase section */
		DEAD21972B6C83F300666F2E /* Sources */ = {
			isa = PBXSourcesBuildPhase;
			buildActionMask = 2147483647;
			files = (
				DEAD21A62B6C83F300666F2E /* ViewController.m in Sources */,
				DEAD21A02B6C83F300666F2E /* AppDelegate.m in Sources */,
				DEAD21D52B6C845000666F2E /* TimerViewController.m in Sources */,
				DEAD21B12B6C83F500666F2E /* main.m in Sources */,
				DEAD21A32B6C83F300666F2E /* SceneDelegate.m in Sources */,
			);
			runOnlyForDeploymentPostprocessing = 0;
		};
		DEAD21B22B6C83F500666F2E /* Sources */ = {
			isa = PBXSourcesBuildPhase;
			buildActionMask = 2147483647;
			files = (
				DEAD21BB2B6C83F500666F2E /* TestTimerTests.m in Sources */,
			);
			runOnlyForDeploymentPostprocessing = 0;
		};
		DEAD21BC2B6C83F500666F2E /* Sources */ = {
			isa = PBXSourcesBuildPhase;
			buildActionMask = 2147483647;
			files = (
				DEAD21C72B6C83F500666F2E /* TestTimerUITestsLaunchTests.m in Sources */,
				DEAD21C52B6C83F500666F2E /* TestTimerUITests.m in Sources */,
			);
			runOnlyForDeploymentPostprocessing = 0;
		};
/* End PBXSourcesBuildPhase section */

/* Begin PBXTargetDependency section */
		DEAD21B82B6C83F500666F2E /* PBXTargetDependency */ = {
			isa = PBXTargetDependency;
			target = DEAD219A2B6C83F300666F2E /* TestTimer */;
			targetProxy = DEAD21B72B6C83F500666F2E /* PBXContainerItemProxy */;
		};
		DEAD21C22B6C83F500666F2E /* PBXTargetDependency */ = {
			isa = PBXTargetDependency;
			target = DEAD219A2B6C83F300666F2E /* TestTimer */;
			targetProxy = DEAD21C12B6C83F500666F2E /* PBXContainerItemProxy */;
		};
/* End PBXTargetDependency section */

/* Begin PBXVariantGroup section */
		DEAD21A72B6C83F300666F2E /* Main.storyboard */ = {
			isa = PBXVariantGroup;
			children = (
				DEAD21A82B6C83F300666F2E /* Base */,
			);
			name = Main.storyboard;
			sourceTree = "<group>";
		};
		DEAD21AC2B6C83F500666F2E /* LaunchScreen.storyboard */ = {
			isa = PBXVariantGroup;
			children = (
				DEAD21AD2B6C83F500666F2E /* Base */,
			);
			name = LaunchScreen.storyboard;
			sourceTree = "<group>";
		};
/* End PBXVariantGroup section */

/* Begin XCBuildConfiguration section */
		DEAD21C82B6C83F500666F2E /* Debug */ = {
			isa = XCBuildConfiguration;
			buildSettings = {
				ALWAYS_SEARCH_USER_PATHS = NO;
				ASSETCATALOG_COMPILER_GENERATE_SWIFT_ASSET_SYMBOL_EXTENSIONS = YES;
				CLANG_ANALYZER_NONNULL = YES;
				CLANG_ANALYZER_NUMBER_OBJECT_CONVERSION = YES_AGGRESSIVE;
				CLANG_CXX_LANGUAGE_STANDARD = "gnu++20";
				CLANG_ENABLE_MODULES = YES;
				CLANG_ENABLE_OBJC_ARC = YES;
				CLANG_ENABLE_OBJC_WEAK = YES;
				CLANG_WARN_BLOCK_CAPTURE_AUTORELEASING = YES;
				CLANG_WARN_BOOL_CONVERSION = YES;
				CLANG_WARN_COMMA = YES;
				CLANG_WARN_CONSTANT_CONVERSION = YES;
				CLANG_WARN_DEPRECATED_OBJC_IMPLEMENTATIONS = YES;
				CLANG_WARN_DIRECT_OBJC_ISA_USAGE = YES_ERROR;
				CLANG_WARN_DOCUMENTATION_COMMENTS = YES;
				CLANG_WARN_EMPTY_BODY = YES;
				CLANG_WARN_ENUM_CONVERSION = YES;
				CLANG_WARN_INFINITE_RECURSION = YES;
				CLANG_WARN_INT_CONVERSION = YES;
				CLANG_WARN_NON_LITERAL_NULL_CONVERSION = YES;
				CLANG_WARN_OBJC_IMPLICIT_RETAIN_SELF = YES;
				CLANG_WARN_OBJC_LITERAL_CONVERSION = YES;
				CLANG_WARN_OBJC_ROOT_CLASS = YES_ERROR;
				CLANG_WARN_QUOTED_INCLUDE_IN_FRAMEWORK_HEADER = YES;
				CLANG_WARN_RANGE_LOOP_ANALYSIS = YES;
				CLANG_WARN_STRICT_PROTOTYPES = YES;
				CLANG_WARN_SUSPICIOUS_MOVE = YES;
				CLANG_WARN_UNGUARDED_AVAILABILITY = YES_AGGRESSIVE;
				CLANG_WARN_UNREACHABLE_CODE = YES;
				CLANG_WARN__DUPLICATE_METHOD_MATCH = YES;
				COPY_PHASE_STRIP = NO;
				DEBUG_INFORMATION_FORMAT = dwarf;
				ENABLE_STRICT_OBJC_MSGSEND = YES;
				ENABLE_TESTABILITY = YES;
				ENABLE_USER_SCRIPT_SANDBOXING = YES;
				GCC_C_LANGUAGE_STANDARD = gnu17;
				GCC_DYNAMIC_NO_PIC = NO;
				GCC_NO_COMMON_BLOCKS = YES;
				GCC_OPTIMIZATION_LEVEL = 0;
				GCC_PREPROCESSOR_DEFINITIONS = (
					"DEBUG=1",
					"$(inherited)",
				);
				GCC_WARN_64_TO_32_BIT_CONVERSION = YES;
				GCC_WARN_ABOUT_RETURN_TYPE = YES_ERROR;
				GCC_WARN_UNDECLARED_SELECTOR = YES;
				GCC_WARN_UNINITIALIZED_AUTOS = YES_AGGRESSIVE;
				GCC_WARN_UNUSED_FUNCTION = YES;
				GCC_WARN_UNUSED_VARIABLE = YES;
				IPHONEOS_DEPLOYMENT_TARGET = 17.2;
				LOCALIZATION_PREFERS_STRING_CATALOGS = YES;
				MTL_ENABLE_DEBUG_INFO = INCLUDE_SOURCE;
				MTL_FAST_MATH = YES;
				ONLY_ACTIVE_ARCH = YES;
				SDKROOT = iphoneos;
			};
			name = Debug;
		};
		DEAD21C92B6C83F500666F2E /* Release */ = {
			isa = XCBuildConfiguration;
			buildSettings = {
				ALWAYS_SEARCH_USER_PATHS = NO;
				ASSETCATALOG_COMPILER_GENERATE_SWIFT_ASSET_SYMBOL_EXTENSIONS = YES;
				CLANG_ANALYZER_NONNULL = YES;
				CLANG_ANALYZER_NUMBER_OBJECT_CONVERSION = YES_AGGRESSIVE;
				CLANG_CXX_LANGUAGE_STANDARD = "gnu++20";
				CLANG_ENABLE_MODULES = YES;
				CLANG_ENABLE_OBJC_ARC = YES;
				CLANG_ENABLE_OBJC_WEAK = YES;
				CLANG_WARN_BLOCK_CAPTURE_AUTORELEASING = YES;
				CLANG_WARN_BOOL_CONVERSION = YES;
				CLANG_WARN_COMMA = YES;
				CLANG_WARN_CONSTANT_CONVERSION = YES;
				CLANG_WARN_DEPRECATED_OBJC_IMPLEMENTATIONS = YES;
				CLANG_WARN_DIRECT_OBJC_ISA_USAGE = YES_ERROR;
				CLANG_WARN_DOCUMENTATION_COMMENTS = YES;
				CLANG_WARN_EMPTY_BODY = YES;
				CLANG_WARN_ENUM_CONVERSION = YES;
				CLANG_WARN_INFINITE_RECURSION = YES;
				CLANG_WARN_INT_CONVERSION = YES;
				CLANG_WARN_NON_LITERAL_NULL_CONVERSION = YES;
				CLANG_WARN_OBJC_IMPLICIT_RETAIN_SELF = YES;
				CLANG_WARN_OBJC_LITERAL_CONVERSION = YES;
				CLANG_WARN_OBJC_ROOT_CLASS = YES_ERROR;
				CLANG_WARN_QUOTED_INCLUDE_IN_FRAMEWORK_HEADER = YES;
				CLANG_WARN_RANGE_LOOP_ANALYSIS = YES;
				CLANG_WARN_STRICT_PROTOTYPES = YES;
				CLANG_WARN_SUSPICIOUS_MOVE = YES;
				CLANG_WARN_UNGUARDED_AVAILABILITY = YES_AGGRESSIVE;
				CLANG_WARN_UNREACHABLE_CODE = YES;
				CLANG_WARN__DUPLICATE_METHOD_MATCH = YES;
				COPY_PHASE_STRIP = NO;
				DEBUG_INFORMATION_FORMAT = "dwarf-with-dsym";
				ENABLE_NS_ASSERTIONS = NO;
				ENABLE_STRICT_OBJC_MSGSEND = YES;
				ENABLE_USER_SCRIPT_SANDBOXING = YES;
				GCC_C_LANGUAGE_STANDARD = gnu17;
				GCC_NO_COMMON_BLOCKS = YES;
				GCC_WARN_64_TO_32_BIT_CONVERSION = YES;
				GCC_WARN_ABOUT_RETURN_TYPE = YES_ERROR;
				GCC_WARN_UNDECLARED_SELECTOR = YES;
				GCC_WARN_UNINITIALIZED_AUTOS = YES_AGGRESSIVE;
				GCC_WARN_UNUSED_FUNCTION = YES;
				GCC_WARN_UNUSED_VARIABLE = YES;
				IPHONEOS_DEPLOYMENT_TARGET = 17.2;
				LOCALIZATION_PREFERS_STRING_CATALOGS = YES;
				MTL_ENABLE_DEBUG_INFO = NO;
				MTL_FAST_MATH = YES;
				SDKROOT = iphoneos;
				VALIDATE_PRODUCT = YES;
			};
			name = Release;
		};
		DEAD21CB2B6C83F500666F2E /* Debug */ = {
			isa = XCBuildConfiguration;
			buildSettings = {
				ASSETCATALOG_COMPILER_APPICON_NAME = AppIcon;
				ASSETCATALOG_COMPILER_GLOBAL_ACCENT_COLOR_NAME = AccentColor;
				CODE_SIGN_STYLE = Automatic;
				CURRENT_PROJECT_VERSION = 1;
				DEVELOPMENT_TEAM = MW9YZ43U8C;
				GENERATE_INFOPLIST_FILE = YES;
				INFOPLIST_FILE = TestTimer/Info.plist;
				INFOPLIST_KEY_UIApplicationSupportsIndirectInputEvents = YES;
				INFOPLIST_KEY_UILaunchStoryboardName = LaunchScreen;
				INFOPLIST_KEY_UIMainStoryboardFile = Main;
				INFOPLIST_KEY_UISupportedInterfaceOrientations_iPad = "UIInterfaceOrientationPortrait UIInterfaceOrientationPortraitUpsideDown UIInterfaceOrientationLandscapeLeft UIInterfaceOrientationLandscapeRight";
				INFOPLIST_KEY_UISupportedInterfaceOrientations_iPhone = "UIInterfaceOrientationPortrait UIInterfaceOrientationLandscapeLeft UIInterfaceOrientationLandscapeRight";
				LD_RUNPATH_SEARCH_PATHS = (
					"$(inherited)",
					"@executable_path/Frameworks",
				);
				MARKETING_VERSION = 1.0;
				PRODUCT_BUNDLE_IDENTIFIER = profile.TestTimer;
				PRODUCT_NAME = "$(TARGET_NAME)";
				SWIFT_EMIT_LOC_STRINGS = YES;
				TARGETED_DEVICE_FAMILY = "1,2";
			};
			name = Debug;
		};
		DEAD21CC2B6C83F500666F2E /* Release */ = {
			isa = XCBuildConfiguration;
			buildSettings = {
				ASSETCATALOG_COMPILER_APPICON_NAME = AppIcon;
				ASSETCATALOG_COMPILER_GLOBAL_ACCENT_COLOR_NAME = AccentColor;
				CODE_SIGN_STYLE = Automatic;
				CURRENT_PROJECT_VERSION = 1;
				DEVELOPMENT_TEAM = MW9YZ43U8C;
				GENERATE_INFOPLIST_FILE = YES;
				INFOPLIST_FILE = TestTimer/Info.plist;
				INFOPLIST_KEY_UIApplicationSupportsIndirectInputEvents = YES;
				INFOPLIST_KEY_UILaunchStoryboardName = LaunchScreen;
				INFOPLIST_KEY_UIMainStoryboardFile = Main;
				INFOPLIST_KEY_UISupportedInterfaceOrientations_iPad = "UIInterfaceOrientationPortrait UIInterfaceOrientationPortraitUpsideDown UIInterfaceOrientationLandscapeLeft UIInterfaceOrientationLandscapeRight";
				INFOPLIST_KEY_UISupportedInterfaceOrientations_iPhone = "UIInterfaceOrientationPortrait UIInterfaceOrientationLandscapeLeft UIInterfaceOrientationLandscapeRight";
				LD_RUNPATH_SEARCH_PATHS = (
					"$(inherited)",
					"@executable_path/Frameworks",
				);
				MARKETING_VERSION = 1.0;
				PRODUCT_BUNDLE_IDENTIFIER = profile.TestTimer;
				PRODUCT_NAME = "$(TARGET_NAME)";
				SWIFT_EMIT_LOC_STRINGS = YES;
				TARGETED_DEVICE_FAMILY = "1,2";
			};
			name = Release;
		};
		DEAD21CE2B6C83F500666F2E /* Debug */ = {
			isa = XCBuildConfiguration;
			buildSettings = {
				BUNDLE_LOADER = "$(TEST_HOST)";
				CODE_SIGN_STYLE = Automatic;
				CURRENT_PROJECT_VERSION = 1;
				DEVELOPMENT_TEAM = MW9YZ43U8C;
				GENERATE_INFOPLIST_FILE = YES;
				IPHONEOS_DEPLOYMENT_TARGET = 17.2;
				MARKETING_VERSION = 1.0;
				PRODUCT_BUNDLE_IDENTIFIER = profile.TestTimerTests;
				PRODUCT_NAME = "$(TARGET_NAME)";
				SWIFT_EMIT_LOC_STRINGS = NO;
				TARGETED_DEVICE_FAMILY = "1,2";
				TEST_HOST = "$(BUILT_PRODUCTS_DIR)/TestTimer.app/$(BUNDLE_EXECUTABLE_FOLDER_PATH)/TestTimer";
			};
			name = Debug;
		};
		DEAD21CF2B6C83F500666F2E /* Release */ = {
			isa = XCBuildConfiguration;
			buildSettings = {
				BUNDLE_LOADER = "$(TEST_HOST)";
				CODE_SIGN_STYLE = Automatic;
				CURRENT_PROJECT_VERSION = 1;
				DEVELOPMENT_TEAM = MW9YZ43U8C;
				GENERATE_INFOPLIST_FILE = YES;
				IPHONEOS_DEPLOYMENT_TARGET = 17.2;
				MARKETING_VERSION = 1.0;
				PRODUCT_BUNDLE_IDENTIFIER = profile.TestTimerTests;
				PRODUCT_NAME = "$(TARGET_NAME)";
				SWIFT_EMIT_LOC_STRINGS = NO;
				TARGETED_DEVICE_FAMILY = "1,2";
				TEST_HOST = "$(BUILT_PRODUCTS_DIR)/TestTimer.app/$(BUNDLE_EXECUTABLE_FOLDER_PATH)/TestTimer";
			};
			name = Release;
		};
		DEAD21D12B6C83F500666F2E /* Debug */ = {
			isa = XCBuildConfiguration;
			buildSettings = {
				CODE_SIGN_STYLE = Automatic;
				CURRENT_PROJECT_VERSION = 1;
				DEVELOPMENT_TEAM = MW9YZ43U8C;
				GENERATE_INFOPLIST_FILE = YES;
				MARKETING_VERSION = 1.0;
				PRODUCT_BUNDLE_IDENTIFIER = profile.TestTimerUITests;
				PRODUCT_NAME = "$(TARGET_NAME)";
				SWIFT_EMIT_LOC_STRINGS = NO;
				TARGETED_DEVICE_FAMILY = "1,2";
				TEST_TARGET_NAME = TestTimer;
			};
			name = Debug;
		};
		DEAD21D22B6C83F500666F2E /* Release */ = {
			isa = XCBuildConfiguration;
			buildSettings = {
				CODE_SIGN_STYLE = Automatic;
				CURRENT_PROJECT_VERSION = 1;
				DEVELOPMENT_TEAM = MW9YZ43U8C;
				GENERATE_INFOPLIST_FILE = YES;
				MARKETING_VERSION = 1.0;
				PRODUCT_BUNDLE_IDENTIFIER = profile.TestTimerUITests;
				PRODUCT_NAME = "$(TARGET_NAME)";
				SWIFT_EMIT_LOC_STRINGS = NO;
				TARGETED_DEVICE_FAMILY = "1,2";
				TEST_TARGET_NAME = TestTimer;
			};
			name = Release;
		};
/* End XCBuildConfiguration section */

/* Begin XCConfigurationList section */
		DEAD21962B6C83F300666F2E /* Build configuration list for PBXProject "TestTimer" */ = {
			isa = XCConfigurationList;
			buildConfigurations = (
				DEAD21C82B6C83F500666F2E /* Debug */,
				DEAD21C92B6C83F500666F2E /* Release */,
			);
			defaultConfigurationIsVisible = 0;
			defaultConfigurationName = Release;
		};
		DEAD21CA2B6C83F500666F2E /* Build configuration list for PBXNativeTarget "TestTimer" */ = {
			isa = XCConfigurationList;
			buildConfigurations = (
				DEAD21CB2B6C83F500666F2E /* Debug */,
				DEAD21CC2B6C83F500666F2E /* Release */,
			);
			defaultConfigurationIsVisible = 0;
			defaultConfigurationName = Release;
		};
		DEAD21CD2B6C83F500666F2E /* Build configuration list for PBXNativeTarget "TestTimerTests" */ = {
			isa = XCConfigurationList;
			buildConfigurations = (
				DEAD21CE2B6C83F500666F2E /* Debug */,
				DEAD21CF2B6C83F500666F2E /* Release */,
			);
			defaultConfigurationIsVisible = 0;
			defaultConfigurationName = Release;
		};
		DEAD21D02B6C83F500666F2E /* Build configuration list for PBXNativeTarget "TestTimerUITests" */ = {
			isa = XCConfigurationList;
			buildConfigurations = (
				DEAD21D12B6C83F500666F2E /* Debug */,
				DEAD21D22B6C83F500666F2E /* Release */,
			);
			defaultConfigurationIsVisible = 0;
			defaultConfigurationName = Release;
		};
/* End XCConfigurationList section */
	};
	rootObject = DEAD21932B6C83F300666F2E /* Project object */;
}
